# THIS IS AN AUTOGENERATED FILE. DO NOT EDIT THIS FILE DIRECTLY.
# yarn lockfile v1


"@wonderlandengine/api@^0.8.6":
  version "0.8.7"
  resolved "https://registry.yarnpkg.com/@wonderlandengine/api/-/api-0.8.7.tgz#48d8f2a38093f364221807b678e30237b2fb0c99"
  integrity sha512-6rWVLosk6TnBFc4/WwIl6IpDJK2xnX/eYN/RZeSu+jId8NnhPGZJQ8CU7WM/JajOA0PpCb4NmMdePw6pJWhnIA==

"@wonderlandengine/components@^0.8.10":
  version "0.8.11"
  resolved "https://registry.yarnpkg.com/@wonderlandengine/components/-/components-0.8.11.tgz#3a0e1ba49d86d78b1b15fca7ec66769137c014dd"
  integrity sha512-1qUKOwOvfcZvGfwcfJuICO2J0p+3VoHkvfM0ozmWUh0CtG3IUmxQSU2t6OELzRsiiI1xuczZSny52FolgZcLWg==
  dependencies:
    gl-matrix "^3.3.0"
    howler "^2.2.1"

esbuild@^0.11.14:
  version "0.11.23"
  resolved "https://registry.yarnpkg.com/esbuild/-/esbuild-0.11.23.tgz#c42534f632e165120671d64db67883634333b4b8"
  integrity sha512-iaiZZ9vUF5wJV8ob1tl+5aJTrwDczlvGP0JoMmnpC2B0ppiMCu8n8gmy5ZTGl5bcG081XBVn+U+jP+mPFm5T5Q==

gl-matrix@^3.3.0:
  version "3.3.0"
  resolved "https://registry.yarnpkg.com/gl-matrix/-/gl-matrix-3.3.0.tgz#232eef60b1c8b30a28cbbe75b2caf6c48fd6358b"
  integrity sha512-COb7LDz+SXaHtl/h4LeaFcNdJdAQSDeVqjiIihSXNrkWObZLhDI4hIkZC11Aeqp7bcE72clzB0BnDXr2SmslRA==

howler@^2.2.1:
  version "2.2.3"
  resolved "https://registry.yarnpkg.com/howler/-/howler-2.2.3.tgz#a2eff9b08b586798e7a2ee17a602a90df28715da"
  integrity sha512-QM0FFkw0LRX1PR8pNzJVAY25JhIWvbKMBFM4gqk+QdV+kPXOhleWGCB6AiAF/goGjIHK2e/nIElplvjQwhr0jg==
