{
  "name": "js",
  "version": "1.0.0",
  "lockfileVersion": 2,
  "requires": true,
  "packages": {
    "": {
      "version": "1.0.0",
      "license": "ISC",
      "dependencies": {
        "@zestymarket/wonderland-sdk": "^1.4.4"
      }
    },
    "node_modules/@wonderlandengine/api": {
      "version": "0.8.7",
      "resolved": "https://registry.npmjs.org/@wonderlandengine/api/-/api-0.8.7.tgz",
      "integrity": "sha512-6rWVLosk6TnBFc4/WwIl6IpDJK2xnX/eYN/RZeSu+jId8NnhPGZJQ8CU7WM/JajOA0PpCb4NmMdePw6pJWhnIA=="
    },
    "node_modules/@wonderlandengine/components": {
      "version": "0.8.11",
      "resolved": "https://registry.npmjs.org/@wonderlandengine/components/-/components-0.8.11.tgz",
      "integrity": "sha512-1qUKOwOvfcZvGfwcfJuICO2J0p+3VoHkvfM0ozmWUh0CtG3IUmxQSU2t6OELzRsiiI1xuczZSny52FolgZcLWg==",
      "dependencies": {
        "gl-matrix": "^3.3.0",
        "howler": "^2.2.1"
      }
    },
    "node_modules/@zestymarket/wonderland-sdk": {
      "version": "1.4.4",
      "resolved": "https://registry.npmjs.org/@zestymarket/wonderland-sdk/-/wonderland-sdk-1.4.4.tgz",
      "integrity": "sha512-F8MGho+cfq4NTL6HyZfFcUsPRBsKsVK1vbbp62Hy97u89Ax3E5VVNiQ2wScPQIl617bsloijfXbsCjFepCzKUg==",
      "dependencies": {
        "@wonderlandengine/api": "^0.8.6",
        "@wonderlandengine/components": "^0.8.10",
        "gl-matrix": "^3.3.0"
      }
    },
    "node_modules/gl-matrix": {
      "version": "3.3.0",
      "resolved": "https://registry.npmjs.org/gl-matrix/-/gl-matrix-3.3.0.tgz",
      "integrity": "sha512-COb7LDz+SXaHtl/h4LeaFcNdJdAQSDeVqjiIihSXNrkWObZLhDI4hIkZC11Aeqp7bcE72clzB0BnDXr2SmslRA=="
    },
    "node_modules/howler": {
      "version": "2.2.3",
      "resolved": "https://registry.npmjs.org/howler/-/howler-2.2.3.tgz",
      "integrity": "sha512-QM0FFkw0LRX1PR8pNzJVAY25JhIWvbKMBFM4gqk+QdV+kPXOhleWGCB6AiAF/goGjIHK2e/nIElplvjQwhr0jg=="
    }
  },
  "dependencies": {
    "@wonderlandengine/api": {
      "version": "0.8.7",
      "resolved": "https://registry.npmjs.org/@wonderlandengine/api/-/api-0.8.7.tgz",
      "integrity": "sha512-6rWVLosk6TnBFc4/WwIl6IpDJK2xnX/eYN/RZeSu+jId8NnhPGZJQ8CU7WM/JajOA0PpCb4NmMdePw6pJWhnIA=="
    },
    "@wonderlandengine/components": {
      "version": "0.8.11",
      "resolved": "https://registry.npmjs.org/@wonderlandengine/components/-/components-0.8.11.tgz",
      "integrity": "sha512-1qUKOwOvfcZvGfwcfJuICO2J0p+3VoHkvfM0ozmWUh0CtG3IUmxQSU2t6OELzRsiiI1xuczZSny52FolgZcLWg==",
      "requires": {
        "gl-matrix": "^3.3.0",
        "howler": "^2.2.1"
      }
    },
    "@zestymarket/wonderland-sdk": {
      "version": "1.4.4",
      "resolved": "https://registry.npmjs.org/@zestymarket/wonderland-sdk/-/wonderland-sdk-1.4.4.tgz",
      "integrity": "sha512-F8MGho+cfq4NTL6HyZfFcUsPRBsKsVK1vbbp62Hy97u89Ax3E5VVNiQ2wScPQIl617bsloijfXbsCjFepCzKUg==",
      "requires": {
        "@wonderlandengine/api": "^0.8.6",
        "@wonderlandengine/components": "^0.8.10",
        "gl-matrix": "^3.3.0"
      }
    },
    "gl-matrix": {
      "version": "3.3.0",
      "resolved": "https://registry.npmjs.org/gl-matrix/-/gl-matrix-3.3.0.tgz",
      "integrity": "sha512-COb7LDz+SXaHtl/h4LeaFcNdJdAQSDeVqjiIihSXNrkWObZLhDI4hIkZC11Aeqp7bcE72clzB0BnDXr2SmslRA=="
    },
    "howler": {
      "version": "2.2.3",
      "resolved": "https://registry.npmjs.org/howler/-/howler-2.2.3.tgz",
      "integrity": "sha512-QM0FFkw0LRX1PR8pNzJVAY25JhIWvbKMBFM4gqk+QdV+kPXOhleWGCB6AiAF/goGjIHK2e/nIElplvjQwhr0jg=="
    }
  }
}
